// !$*UTF8*$!
{
	archiveVersion = 1;
	classes = {
	};
	objectVersion = 56;
	objects = {

/* Begin PBXBuildFile section */
		57713CCC2983469500F4C288 /* Funding.swift in Sources */ = {isa = PBXBuildFile; fileRef = 57713CCB2983469500F4C288 /* Funding.swift */; };
		57713CCE298346BA00F4C288 /* HomeView.swift in Sources */ = {isa = PBXBuildFile; fileRef = 57713CCD298346BA00F4C288 /* HomeView.swift */; };
		57713CD32983470900F4C288 /* FirestoreFundingManager.swift in Sources */ = {isa = PBXBuildFile; fileRef = 57713CD22983470900F4C288 /* FirestoreFundingManager.swift */; };
		57713CD7298347EA00F4C288 /* FundingDetailView.swift in Sources */ = {isa = PBXBuildFile; fileRef = 57713CD6298347EA00F4C288 /* FundingDetailView.swift */; };
		57713CDE29834D4600F4C288 /* PretendardVariable.ttf in Resources */ = {isa = PBXBuildFile; fileRef = 57713CDD29834D4600F4C288 /* PretendardVariable.ttf */; };
		57713CE12983506900F4C288 /* Font+Extension.swift in Sources */ = {isa = PBXBuildFile; fileRef = 57713CE02983506900F4C288 /* Font+Extension.swift */; };
		57713CE32983548900F4C288 /* MyPageView.swift in Sources */ = {isa = PBXBuildFile; fileRef = 57713CE22983548900F4C288 /* MyPageView.swift */; };
		57713CE52983549300F4C288 /* FundingMapView.swift in Sources */ = {isa = PBXBuildFile; fileRef = 57713CE42983549300F4C288 /* FundingMapView.swift */; };
		57713CE72983563600F4C288 /* MainView.swift in Sources */ = {isa = PBXBuildFile; fileRef = 57713CE62983563600F4C288 /* MainView.swift */; };
		57713CE929838A4500F4C288 /* Color+Extension.swift in Sources */ = {isa = PBXBuildFile; fileRef = 57713CE829838A4500F4C288 /* Color+Extension.swift */; };
		578C23262983432A0052F518 /* bpartApp.swift in Sources */ = {isa = PBXBuildFile; fileRef = 578C23252983432A0052F518 /* bpartApp.swift */; };
		578C23282983432A0052F518 /* ContentView.swift in Sources */ = {isa = PBXBuildFile; fileRef = 578C23272983432A0052F518 /* ContentView.swift */; };
		578C232A2983432C0052F518 /* Assets.xcassets in Resources */ = {isa = PBXBuildFile; fileRef = 578C23292983432C0052F518 /* Assets.xcassets */; };
		578C232D2983432C0052F518 /* Preview Assets.xcassets in Resources */ = {isa = PBXBuildFile; fileRef = 578C232C2983432C0052F518 /* Preview Assets.xcassets */; };
		578C23372983432C0052F518 /* bpartTests.swift in Sources */ = {isa = PBXBuildFile; fileRef = 578C23362983432C0052F518 /* bpartTests.swift */; };
		578C23412983432C0052F518 /* bpartUITests.swift in Sources */ = {isa = PBXBuildFile; fileRef = 578C23402983432C0052F518 /* bpartUITests.swift */; };
		578C23432983432C0052F518 /* bpartUITestsLaunchTests.swift in Sources */ = {isa = PBXBuildFile; fileRef = 578C23422983432C0052F518 /* bpartUITestsLaunchTests.swift */; };
		578C2350298343720052F518 /* GoogleService-Info.plist in Resources */ = {isa = PBXBuildFile; fileRef = 578C234F298343710052F518 /* GoogleService-Info.plist */; };
		578C2353298343DE0052F518 /* FirebaseAuth in Frameworks */ = {isa = PBXBuildFile; productRef = 578C2352298343DE0052F518 /* FirebaseAuth */; };
		578C2355298343DE0052F518 /* FirebaseFirestore in Frameworks */ = {isa = PBXBuildFile; productRef = 578C2354298343DE0052F518 /* FirebaseFirestore */; };
		578C2357298343DE0052F518 /* FirebaseFunctions in Frameworks */ = {isa = PBXBuildFile; productRef = 578C2356298343DE0052F518 /* FirebaseFunctions */; };
		578C2359298343DE0052F518 /* FirebaseStorage in Frameworks */ = {isa = PBXBuildFile; productRef = 578C2358298343DE0052F518 /* FirebaseStorage */; };
		6FD2532829838425008D6657 /* RegisterView.swift in Sources */ = {isa = PBXBuildFile; fileRef = 6FD2532729838425008D6657 /* RegisterView.swift */; };
		6FD2532A2983895C008D6657 /* OnboardingView.swift in Sources */ = {isa = PBXBuildFile; fileRef = 6FD253292983895C008D6657 /* OnboardingView.swift */; };
		6FD2532C2983933B008D6657 /* NavigationBarBackButton+Extension.swift in Sources */ = {isa = PBXBuildFile; fileRef = 6FD2532B2983933B008D6657 /* NavigationBarBackButton+Extension.swift */; };
		57A96C3429839DE3000FBEFE /* FundingResult.swift in Sources */ = {isa = PBXBuildFile; fileRef = 57A96C3329839DE3000FBEFE /* FundingResult.swift */; };
/* End PBXBuildFile section */

/* Begin PBXContainerItemProxy section */
		578C23332983432C0052F518 /* PBXContainerItemProxy */ = {
			isa = PBXContainerItemProxy;
			containerPortal = 578C231A2983432A0052F518 /* Project object */;
			proxyType = 1;
			remoteGlobalIDString = 578C23212983432A0052F518;
			remoteInfo = bpart;
		};
		578C233D2983432C0052F518 /* PBXContainerItemProxy */ = {
			isa = PBXContainerItemProxy;
			containerPortal = 578C231A2983432A0052F518 /* Project object */;
			proxyType = 1;
			remoteGlobalIDString = 578C23212983432A0052F518;
			remoteInfo = bpart;
		};
/* End PBXContainerItemProxy section */

/* Begin PBXFileReference section */
		57713CCB2983469500F4C288 /* Funding.swift */ = {isa = PBXFileReference; lastKnownFileType = sourcecode.swift; path = Funding.swift; sourceTree = "<group>"; };
		57713CCD298346BA00F4C288 /* HomeView.swift */ = {isa = PBXFileReference; lastKnownFileType = sourcecode.swift; path = HomeView.swift; sourceTree = "<group>"; };
		57713CD22983470900F4C288 /* FirestoreFundingManager.swift */ = {isa = PBXFileReference; lastKnownFileType = sourcecode.swift; path = FirestoreFundingManager.swift; sourceTree = "<group>"; };
		57713CD6298347EA00F4C288 /* FundingDetailView.swift */ = {isa = PBXFileReference; lastKnownFileType = sourcecode.swift; path = FundingDetailView.swift; sourceTree = "<group>"; };
		57713CDD29834D4600F4C288 /* PretendardVariable.ttf */ = {isa = PBXFileReference; lastKnownFileType = file; path = PretendardVariable.ttf; sourceTree = "<group>"; };
		57713CDF29834D6900F4C288 /* Info.plist */ = {isa = PBXFileReference; lastKnownFileType = text.plist; path = Info.plist; sourceTree = "<group>"; };
		57713CE02983506900F4C288 /* Font+Extension.swift */ = {isa = PBXFileReference; lastKnownFileType = sourcecode.swift; path = "Font+Extension.swift"; sourceTree = "<group>"; };
		57713CE22983548900F4C288 /* MyPageView.swift */ = {isa = PBXFileReference; lastKnownFileType = sourcecode.swift; path = MyPageView.swift; sourceTree = "<group>"; };
		57713CE42983549300F4C288 /* FundingMapView.swift */ = {isa = PBXFileReference; lastKnownFileType = sourcecode.swift; path = FundingMapView.swift; sourceTree = "<group>"; };
		57713CE62983563600F4C288 /* MainView.swift */ = {isa = PBXFileReference; lastKnownFileType = sourcecode.swift; path = MainView.swift; sourceTree = "<group>"; };
		57713CE829838A4500F4C288 /* Color+Extension.swift */ = {isa = PBXFileReference; lastKnownFileType = sourcecode.swift; path = "Color+Extension.swift"; sourceTree = "<group>"; };
		578C23222983432A0052F518 /* bpart.app */ = {isa = PBXFileReference; explicitFileType = wrapper.application; includeInIndex = 0; path = bpart.app; sourceTree = BUILT_PRODUCTS_DIR; };
		578C23252983432A0052F518 /* bpartApp.swift */ = {isa = PBXFileReference; lastKnownFileType = sourcecode.swift; path = bpartApp.swift; sourceTree = "<group>"; };
		578C23272983432A0052F518 /* ContentView.swift */ = {isa = PBXFileReference; lastKnownFileType = sourcecode.swift; path = ContentView.swift; sourceTree = "<group>"; };
		578C23292983432C0052F518 /* Assets.xcassets */ = {isa = PBXFileReference; lastKnownFileType = folder.assetcatalog; path = Assets.xcassets; sourceTree = "<group>"; };
		578C232C2983432C0052F518 /* Preview Assets.xcassets */ = {isa = PBXFileReference; lastKnownFileType = folder.assetcatalog; path = "Preview Assets.xcassets"; sourceTree = "<group>"; };
		578C23322983432C0052F518 /* bpartTests.xctest */ = {isa = PBXFileReference; explicitFileType = wrapper.cfbundle; includeInIndex = 0; path = bpartTests.xctest; sourceTree = BUILT_PRODUCTS_DIR; };
		578C23362983432C0052F518 /* bpartTests.swift */ = {isa = PBXFileReference; lastKnownFileType = sourcecode.swift; path = bpartTests.swift; sourceTree = "<group>"; };
		578C233C2983432C0052F518 /* bpartUITests.xctest */ = {isa = PBXFileReference; explicitFileType = wrapper.cfbundle; includeInIndex = 0; path = bpartUITests.xctest; sourceTree = BUILT_PRODUCTS_DIR; };
		578C23402983432C0052F518 /* bpartUITests.swift */ = {isa = PBXFileReference; lastKnownFileType = sourcecode.swift; path = bpartUITests.swift; sourceTree = "<group>"; };
		578C23422983432C0052F518 /* bpartUITestsLaunchTests.swift */ = {isa = PBXFileReference; lastKnownFileType = sourcecode.swift; path = bpartUITestsLaunchTests.swift; sourceTree = "<group>"; };
		578C234F298343710052F518 /* GoogleService-Info.plist */ = {isa = PBXFileReference; fileEncoding = 4; lastKnownFileType = text.plist.xml; path = "GoogleService-Info.plist"; sourceTree = "<group>"; };
		6FD2532729838425008D6657 /* RegisterView.swift */ = {isa = PBXFileReference; lastKnownFileType = sourcecode.swift; path = RegisterView.swift; sourceTree = "<group>"; };
		6FD253292983895C008D6657 /* OnboardingView.swift */ = {isa = PBXFileReference; lastKnownFileType = sourcecode.swift; path = OnboardingView.swift; sourceTree = "<group>"; };
		6FD2532B2983933B008D6657 /* NavigationBarBackButton+Extension.swift */ = {isa = PBXFileReference; lastKnownFileType = sourcecode.swift; path = "NavigationBarBackButton+Extension.swift"; sourceTree = "<group>"; };
		57A96C3329839DE3000FBEFE /* FundingResult.swift */ = {isa = PBXFileReference; lastKnownFileType = sourcecode.swift; path = FundingResult.swift; sourceTree = "<group>"; };
/* End PBXFileReference section */

/* Begin PBXFrameworksBuildPhase section */
		578C231F2983432A0052F518 /* Frameworks */ = {
			isa = PBXFrameworksBuildPhase;
			buildActionMask = 2147483647;
			files = (
				578C2357298343DE0052F518 /* FirebaseFunctions in Frameworks */,
				578C2359298343DE0052F518 /* FirebaseStorage in Frameworks */,
				578C2353298343DE0052F518 /* FirebaseAuth in Frameworks */,
				578C2355298343DE0052F518 /* FirebaseFirestore in Frameworks */,
			);
			runOnlyForDeploymentPostprocessing = 0;
		};
		578C232F2983432C0052F518 /* Frameworks */ = {
			isa = PBXFrameworksBuildPhase;
			buildActionMask = 2147483647;
			files = (
			);
			runOnlyForDeploymentPostprocessing = 0;
		};
		578C23392983432C0052F518 /* Frameworks */ = {
			isa = PBXFrameworksBuildPhase;
			buildActionMask = 2147483647;
			files = (
			);
			runOnlyForDeploymentPostprocessing = 0;
		};
/* End PBXFrameworksBuildPhase section */

/* Begin PBXGroup section */
		57713CC82983464E00F4C288 /* Views */ = {
			isa = PBXGroup;
			children = (
				6FD2532729838425008D6657 /* RegisterView.swift */,
				6FD253292983895C008D6657 /* OnboardingView.swift */,
				57713CE62983563600F4C288 /* MainView.swift */,
				57713CCD298346BA00F4C288 /* HomeView.swift */,
				57A96C3329839DE3000FBEFE /* FundingResult.swift */,
				57713CE22983548900F4C288 /* MyPageView.swift */,
				57713CE42983549300F4C288 /* FundingMapView.swift */,
				57713CD6298347EA00F4C288 /* FundingDetailView.swift */,
			);
			path = Views;
			sourceTree = "<group>";
		};
		57713CC92983465400F4C288 /* Models */ = {
			isa = PBXGroup;
			children = (
				57713CCB2983469500F4C288 /* Funding.swift */,
			);
			path = Models;
			sourceTree = "<group>";
		};
		57713CCF298346D100F4C288 /* Services */ = {
			isa = PBXGroup;
			children = (
				57713CD22983470900F4C288 /* FirestoreFundingManager.swift */,
			);
			path = Services;
			sourceTree = "<group>";
		};
		57713CDC29834D2B00F4C288 /* Shared */ = {
			isa = PBXGroup;
			children = (
				57713CDD29834D4600F4C288 /* PretendardVariable.ttf */,
				57713CE02983506900F4C288 /* Font+Extension.swift */,
				6FD2532B2983933B008D6657 /* NavigationBarBackButton+Extension.swift */,
				57713CE829838A4500F4C288 /* Color+Extension.swift */,
			);
			path = Shared;
			sourceTree = "<group>";
		};
		578C23192983432A0052F518 = {
			isa = PBXGroup;
			children = (
				578C23242983432A0052F518 /* bpart */,
				57713CDC29834D2B00F4C288 /* Shared */,
				57713CCF298346D100F4C288 /* Services */,
				578C23352983432C0052F518 /* bpartTests */,
				578C233F2983432C0052F518 /* bpartUITests */,
				578C23232983432A0052F518 /* Products */,
			);
			sourceTree = "<group>";
		};
		578C23232983432A0052F518 /* Products */ = {
			isa = PBXGroup;
			children = (
				578C23222983432A0052F518 /* bpart.app */,
				578C23322983432C0052F518 /* bpartTests.xctest */,
				578C233C2983432C0052F518 /* bpartUITests.xctest */,
			);
			name = Products;
			sourceTree = "<group>";
		};
		578C23242983432A0052F518 /* bpart */ = {
			isa = PBXGroup;
			children = (
				57713CDF29834D6900F4C288 /* Info.plist */,
				578C23252983432A0052F518 /* bpartApp.swift */,
				578C234F298343710052F518 /* GoogleService-Info.plist */,
				578C23272983432A0052F518 /* ContentView.swift */,
				578C23292983432C0052F518 /* Assets.xcassets */,
				57713CC92983465400F4C288 /* Models */,
				57713CC82983464E00F4C288 /* Views */,
				578C232B2983432C0052F518 /* Preview Content */,
			);
			path = bpart;
			sourceTree = "<group>";
		};
		578C232B2983432C0052F518 /* Preview Content */ = {
			isa = PBXGroup;
			children = (
				578C232C2983432C0052F518 /* Preview Assets.xcassets */,
			);
			path = "Preview Content";
			sourceTree = "<group>";
		};
		578C23352983432C0052F518 /* bpartTests */ = {
			isa = PBXGroup;
			children = (
				578C23362983432C0052F518 /* bpartTests.swift */,
			);
			path = bpartTests;
			sourceTree = "<group>";
		};
		578C233F2983432C0052F518 /* bpartUITests */ = {
			isa = PBXGroup;
			children = (
				578C23402983432C0052F518 /* bpartUITests.swift */,
				578C23422983432C0052F518 /* bpartUITestsLaunchTests.swift */,
			);
			path = bpartUITests;
			sourceTree = "<group>";
		};
/* End PBXGroup section */

/* Begin PBXNativeTarget section */
		578C23212983432A0052F518 /* bpart */ = {
			isa = PBXNativeTarget;
			buildConfigurationList = 578C23462983432C0052F518 /* Build configuration list for PBXNativeTarget "bpart" */;
			buildPhases = (
				578C231E2983432A0052F518 /* Sources */,
				578C231F2983432A0052F518 /* Frameworks */,
				578C23202983432A0052F518 /* Resources */,
			);
			buildRules = (
			);
			dependencies = (
			);
			name = bpart;
			packageProductDependencies = (
				578C2352298343DE0052F518 /* FirebaseAuth */,
				578C2354298343DE0052F518 /* FirebaseFirestore */,
				578C2356298343DE0052F518 /* FirebaseFunctions */,
				578C2358298343DE0052F518 /* FirebaseStorage */,
			);
			productName = bpart;
			productReference = 578C23222983432A0052F518 /* bpart.app */;
			productType = "com.apple.product-type.application";
		};
		578C23312983432C0052F518 /* bpartTests */ = {
			isa = PBXNativeTarget;
			buildConfigurationList = 578C23492983432C0052F518 /* Build configuration list for PBXNativeTarget "bpartTests" */;
			buildPhases = (
				578C232E2983432C0052F518 /* Sources */,
				578C232F2983432C0052F518 /* Frameworks */,
				578C23302983432C0052F518 /* Resources */,
			);
			buildRules = (
			);
			dependencies = (
				578C23342983432C0052F518 /* PBXTargetDependency */,
			);
			name = bpartTests;
			productName = bpartTests;
			productReference = 578C23322983432C0052F518 /* bpartTests.xctest */;
			productType = "com.apple.product-type.bundle.unit-test";
		};
		578C233B2983432C0052F518 /* bpartUITests */ = {
			isa = PBXNativeTarget;
			buildConfigurationList = 578C234C2983432C0052F518 /* Build configuration list for PBXNativeTarget "bpartUITests" */;
			buildPhases = (
				578C23382983432C0052F518 /* Sources */,
				578C23392983432C0052F518 /* Frameworks */,
				578C233A2983432C0052F518 /* Resources */,
			);
			buildRules = (
			);
			dependencies = (
				578C233E2983432C0052F518 /* PBXTargetDependency */,
			);
			name = bpartUITests;
			productName = bpartUITests;
			productReference = 578C233C2983432C0052F518 /* bpartUITests.xctest */;
			productType = "com.apple.product-type.bundle.ui-testing";
		};
/* End PBXNativeTarget section */

/* Begin PBXProject section */
		578C231A2983432A0052F518 /* Project object */ = {
			isa = PBXProject;
			attributes = {
				BuildIndependentTargetsInParallel = 1;
				LastSwiftUpdateCheck = 1420;
				LastUpgradeCheck = 1420;
				TargetAttributes = {
					578C23212983432A0052F518 = {
						CreatedOnToolsVersion = 14.2;
					};
					578C23312983432C0052F518 = {
						CreatedOnToolsVersion = 14.2;
						TestTargetID = 578C23212983432A0052F518;
					};
					578C233B2983432C0052F518 = {
						CreatedOnToolsVersion = 14.2;
						TestTargetID = 578C23212983432A0052F518;
					};
				};
			};
			buildConfigurationList = 578C231D2983432A0052F518 /* Build configuration list for PBXProject "bpart" */;
			compatibilityVersion = "Xcode 14.0";
			developmentRegion = en;
			hasScannedForEncodings = 0;
			knownRegions = (
				en,
				Base,
			);
			mainGroup = 578C23192983432A0052F518;
			packageReferences = (
				578C2351298343DE0052F518 /* XCRemoteSwiftPackageReference "firebase-ios-sdk" */,
			);
			productRefGroup = 578C23232983432A0052F518 /* Products */;
			projectDirPath = "";
			projectRoot = "";
			targets = (
				578C23212983432A0052F518 /* bpart */,
				578C23312983432C0052F518 /* bpartTests */,
				578C233B2983432C0052F518 /* bpartUITests */,
			);
		};
/* End PBXProject section */

/* Begin PBXResourcesBuildPhase section */
		578C23202983432A0052F518 /* Resources */ = {
			isa = PBXResourcesBuildPhase;
			buildActionMask = 2147483647;
			files = (
				578C232D2983432C0052F518 /* Preview Assets.xcassets in Resources */,
				57713CDE29834D4600F4C288 /* PretendardVariable.ttf in Resources */,
				578C232A2983432C0052F518 /* Assets.xcassets in Resources */,
				578C2350298343720052F518 /* GoogleService-Info.plist in Resources */,
			);
			runOnlyForDeploymentPostprocessing = 0;
		};
		578C23302983432C0052F518 /* Resources */ = {
			isa = PBXResourcesBuildPhase;
			buildActionMask = 2147483647;
			files = (
			);
			runOnlyForDeploymentPostprocessing = 0;
		};
		578C233A2983432C0052F518 /* Resources */ = {
			isa = PBXResourcesBuildPhase;
			buildActionMask = 2147483647;
			files = (
			);
			runOnlyForDeploymentPostprocessing = 0;
		};
/* End PBXResourcesBuildPhase section */

/* Begin PBXSourcesBuildPhase section */
		578C231E2983432A0052F518 /* Sources */ = {
			isa = PBXSourcesBuildPhase;
			buildActionMask = 2147483647;
			files = (
				578C23282983432A0052F518 /* ContentView.swift in Sources */,
				57713CD92983480000F4C288 /* FundingDetailViewModel.swift in Sources */,
				6FD2532829838425008D6657 /* RegisterView.swift in Sources */,
				57713CDB29834B3E00F4C288 /* Constants.swift in Sources */,
				57713CD52983475900F4C288 /* HomeViewModel.swift in Sources */,
				57713CE72983563600F4C288 /* MainView.swift in Sources */,
				57713CD32983470900F4C288 /* FirestoreFundingManager.swift in Sources */,
				57713CCE298346BA00F4C288 /* HomeView.swift in Sources */,
				57713CE32983548900F4C288 /* MyPageView.swift in Sources */,
				57713CE52983549300F4C288 /* FundingMapView.swift in Sources */,
				57713CE929838A4500F4C288 /* Color+Extension.swift in Sources */,
				57713CE12983506900F4C288 /* Font+Extension.swift in Sources */,
				57A96C3429839DE3000FBEFE /* FundingResult.swift in Sources */,
				57713CCC2983469500F4C288 /* Funding.swift in Sources */,
				6FD2532C2983933B008D6657 /* NavigationBarBackButton+Extension.swift in Sources */,
				578C23262983432A0052F518 /* bpartApp.swift in Sources */,
				57713CD7298347EA00F4C288 /* FundingDetailView.swift in Sources */,
				6FD2532A2983895C008D6657 /* OnboardingView.swift in Sources */,
			);
			runOnlyForDeploymentPostprocessing = 0;
		};
		578C232E2983432C0052F518 /* Sources */ = {
			isa = PBXSourcesBuildPhase;
			buildActionMask = 2147483647;
			files = (
				578C23372983432C0052F518 /* bpartTests.swift in Sources */,
			);
			runOnlyForDeploymentPostprocessing = 0;
		};
		578C23382983432C0052F518 /* Sources */ = {
			isa = PBXSourcesBuildPhase;
			buildActionMask = 2147483647;
			files = (
				578C23432983432C0052F518 /* bpartUITestsLaunchTests.swift in Sources */,
				578C23412983432C0052F518 /* bpartUITests.swift in Sources */,
			);
			runOnlyForDeploymentPostprocessing = 0;
		};
/* End PBXSourcesBuildPhase section */

/* Begin PBXTargetDependency section */
		578C23342983432C0052F518 /* PBXTargetDependency */ = {
			isa = PBXTargetDependency;
			target = 578C23212983432A0052F518 /* bpart */;
			targetProxy = 578C23332983432C0052F518 /* PBXContainerItemProxy */;
		};
		578C233E2983432C0052F518 /* PBXTargetDependency */ = {
			isa = PBXTargetDependency;
			target = 578C23212983432A0052F518 /* bpart */;
			targetProxy = 578C233D2983432C0052F518 /* PBXContainerItemProxy */;
		};
/* End PBXTargetDependency section */

/* Begin XCBuildConfiguration section */
		578C23442983432C0052F518 /* Debug */ = {
			isa = XCBuildConfiguration;
			buildSettings = {
				ALWAYS_SEARCH_USER_PATHS = NO;
				CLANG_ANALYZER_NONNULL = YES;
				CLANG_ANALYZER_NUMBER_OBJECT_CONVERSION = YES_AGGRESSIVE;
				CLANG_CXX_LANGUAGE_STANDARD = "gnu++20";
				CLANG_ENABLE_MODULES = YES;
				CLANG_ENABLE_OBJC_ARC = YES;
				CLANG_ENABLE_OBJC_WEAK = YES;
				CLANG_WARN_BLOCK_CAPTURE_AUTORELEASING = YES;
				CLANG_WARN_BOOL_CONVERSION = YES;
				CLANG_WARN_COMMA = YES;
				CLANG_WARN_CONSTANT_CONVERSION = YES;
				CLANG_WARN_DEPRECATED_OBJC_IMPLEMENTATIONS = YES;
				CLANG_WARN_DIRECT_OBJC_ISA_USAGE = YES_ERROR;
				CLANG_WARN_DOCUMENTATION_COMMENTS = YES;
				CLANG_WARN_EMPTY_BODY = YES;
				CLANG_WARN_ENUM_CONVERSION = YES;
				CLANG_WARN_INFINITE_RECURSION = YES;
				CLANG_WARN_INT_CONVERSION = YES;
				CLANG_WARN_NON_LITERAL_NULL_CONVERSION = YES;
				CLANG_WARN_OBJC_IMPLICIT_RETAIN_SELF = YES;
				CLANG_WARN_OBJC_LITERAL_CONVERSION = YES;
				CLANG_WARN_OBJC_ROOT_CLASS = YES_ERROR;
				CLANG_WARN_QUOTED_INCLUDE_IN_FRAMEWORK_HEADER = YES;
				CLANG_WARN_RANGE_LOOP_ANALYSIS = YES;
				CLANG_WARN_STRICT_PROTOTYPES = YES;
				CLANG_WARN_SUSPICIOUS_MOVE = YES;
				CLANG_WARN_UNGUARDED_AVAILABILITY = YES_AGGRESSIVE;
				CLANG_WARN_UNREACHABLE_CODE = YES;
				CLANG_WARN__DUPLICATE_METHOD_MATCH = YES;
				COPY_PHASE_STRIP = NO;
				DEBUG_INFORMATION_FORMAT = dwarf;
				ENABLE_STRICT_OBJC_MSGSEND = YES;
				ENABLE_TESTABILITY = YES;
				GCC_C_LANGUAGE_STANDARD = gnu11;
				GCC_DYNAMIC_NO_PIC = NO;
				GCC_NO_COMMON_BLOCKS = YES;
				GCC_OPTIMIZATION_LEVEL = 0;
				GCC_PREPROCESSOR_DEFINITIONS = (
					"DEBUG=1",
					"$(inherited)",
				);
				GCC_WARN_64_TO_32_BIT_CONVERSION = YES;
				GCC_WARN_ABOUT_RETURN_TYPE = YES_ERROR;
				GCC_WARN_UNDECLARED_SELECTOR = YES;
				GCC_WARN_UNINITIALIZED_AUTOS = YES_AGGRESSIVE;
				GCC_WARN_UNUSED_FUNCTION = YES;
				GCC_WARN_UNUSED_VARIABLE = YES;
				IPHONEOS_DEPLOYMENT_TARGET = 16.2;
				MTL_ENABLE_DEBUG_INFO = INCLUDE_SOURCE;
				MTL_FAST_MATH = YES;
				ONLY_ACTIVE_ARCH = YES;
				SDKROOT = iphoneos;
				SWIFT_ACTIVE_COMPILATION_CONDITIONS = DEBUG;
				SWIFT_OPTIMIZATION_LEVEL = "-Onone";
			};
			name = Debug;
		};
		578C23452983432C0052F518 /* Release */ = {
			isa = XCBuildConfiguration;
			buildSettings = {
				ALWAYS_SEARCH_USER_PATHS = NO;
				CLANG_ANALYZER_NONNULL = YES;
				CLANG_ANALYZER_NUMBER_OBJECT_CONVERSION = YES_AGGRESSIVE;
				CLANG_CXX_LANGUAGE_STANDARD = "gnu++20";
				CLANG_ENABLE_MODULES = YES;
				CLANG_ENABLE_OBJC_ARC = YES;
				CLANG_ENABLE_OBJC_WEAK = YES;
				CLANG_WARN_BLOCK_CAPTURE_AUTORELEASING = YES;
				CLANG_WARN_BOOL_CONVERSION = YES;
				CLANG_WARN_COMMA = YES;
				CLANG_WARN_CONSTANT_CONVERSION = YES;
				CLANG_WARN_DEPRECATED_OBJC_IMPLEMENTATIONS = YES;
				CLANG_WARN_DIRECT_OBJC_ISA_USAGE = YES_ERROR;
				CLANG_WARN_DOCUMENTATION_COMMENTS = YES;
				CLANG_WARN_EMPTY_BODY = YES;
				CLANG_WARN_ENUM_CONVERSION = YES;
				CLANG_WARN_INFINITE_RECURSION = YES;
				CLANG_WARN_INT_CONVERSION = YES;
				CLANG_WARN_NON_LITERAL_NULL_CONVERSION = YES;
				CLANG_WARN_OBJC_IMPLICIT_RETAIN_SELF = YES;
				CLANG_WARN_OBJC_LITERAL_CONVERSION = YES;
				CLANG_WARN_OBJC_ROOT_CLASS = YES_ERROR;
				CLANG_WARN_QUOTED_INCLUDE_IN_FRAMEWORK_HEADER = YES;
				CLANG_WARN_RANGE_LOOP_ANALYSIS = YES;
				CLANG_WARN_STRICT_PROTOTYPES = YES;
				CLANG_WARN_SUSPICIOUS_MOVE = YES;
				CLANG_WARN_UNGUARDED_AVAILABILITY = YES_AGGRESSIVE;
				CLANG_WARN_UNREACHABLE_CODE = YES;
				CLANG_WARN__DUPLICATE_METHOD_MATCH = YES;
				COPY_PHASE_STRIP = NO;
				DEBUG_INFORMATION_FORMAT = "dwarf-with-dsym";
				ENABLE_NS_ASSERTIONS = NO;
				ENABLE_STRICT_OBJC_MSGSEND = YES;
				GCC_C_LANGUAGE_STANDARD = gnu11;
				GCC_NO_COMMON_BLOCKS = YES;
				GCC_WARN_64_TO_32_BIT_CONVERSION = YES;
				GCC_WARN_ABOUT_RETURN_TYPE = YES_ERROR;
				GCC_WARN_UNDECLARED_SELECTOR = YES;
				GCC_WARN_UNINITIALIZED_AUTOS = YES_AGGRESSIVE;
				GCC_WARN_UNUSED_FUNCTION = YES;
				GCC_WARN_UNUSED_VARIABLE = YES;
				IPHONEOS_DEPLOYMENT_TARGET = 16.2;
				MTL_ENABLE_DEBUG_INFO = NO;
				MTL_FAST_MATH = YES;
				SDKROOT = iphoneos;
				SWIFT_COMPILATION_MODE = wholemodule;
				SWIFT_OPTIMIZATION_LEVEL = "-O";
				VALIDATE_PRODUCT = YES;
			};
			name = Release;
		};
		578C23472983432C0052F518 /* Debug */ = {
			isa = XCBuildConfiguration;
			buildSettings = {
				ASSETCATALOG_COMPILER_APPICON_NAME = AppIcon;
				ASSETCATALOG_COMPILER_GLOBAL_ACCENT_COLOR_NAME = AccentColor;
				CODE_SIGN_STYLE = Automatic;
				CURRENT_PROJECT_VERSION = 1;
				DEVELOPMENT_ASSET_PATHS = "\"bpart/Preview Content\"";
				DEVELOPMENT_TEAM = YTV3AHP8X4;
				ENABLE_PREVIEWS = YES;
				GENERATE_INFOPLIST_FILE = YES;
				INFOPLIST_FILE = bpart/Info.plist;
				INFOPLIST_KEY_UIApplicationSceneManifest_Generation = YES;
				INFOPLIST_KEY_UIApplicationSupportsIndirectInputEvents = YES;
				INFOPLIST_KEY_UILaunchScreen_Generation = YES;
				INFOPLIST_KEY_UISupportedInterfaceOrientations_iPad = "UIInterfaceOrientationPortrait UIInterfaceOrientationPortraitUpsideDown UIInterfaceOrientationLandscapeLeft UIInterfaceOrientationLandscapeRight";
				INFOPLIST_KEY_UISupportedInterfaceOrientations_iPhone = "UIInterfaceOrientationPortrait UIInterfaceOrientationLandscapeLeft UIInterfaceOrientationLandscapeRight";
				LD_RUNPATH_SEARCH_PATHS = (
					"$(inherited)",
					"@executable_path/Frameworks",
				);
				MARKETING_VERSION = 1.0;
				PRODUCT_BUNDLE_IDENTIFIER = alexcho617.bpart;
				PRODUCT_NAME = "$(TARGET_NAME)";
				SWIFT_EMIT_LOC_STRINGS = YES;
				SWIFT_VERSION = 5.0;
				TARGETED_DEVICE_FAMILY = "1,2";
			};
			name = Debug;
		};
		578C23482983432C0052F518 /* Release */ = {
			isa = XCBuildConfiguration;
			buildSettings = {
				ASSETCATALOG_COMPILER_APPICON_NAME = AppIcon;
				ASSETCATALOG_COMPILER_GLOBAL_ACCENT_COLOR_NAME = AccentColor;
				CODE_SIGN_STYLE = Automatic;
				CURRENT_PROJECT_VERSION = 1;
				DEVELOPMENT_ASSET_PATHS = "\"bpart/Preview Content\"";
				DEVELOPMENT_TEAM = YTV3AHP8X4;
				ENABLE_PREVIEWS = YES;
				GENERATE_INFOPLIST_FILE = YES;
				INFOPLIST_FILE = bpart/Info.plist;
				INFOPLIST_KEY_UIApplicationSceneManifest_Generation = YES;
				INFOPLIST_KEY_UIApplicationSupportsIndirectInputEvents = YES;
				INFOPLIST_KEY_UILaunchScreen_Generation = YES;
				INFOPLIST_KEY_UISupportedInterfaceOrientations_iPad = "UIInterfaceOrientationPortrait UIInterfaceOrientationPortraitUpsideDown UIInterfaceOrientationLandscapeLeft UIInterfaceOrientationLandscapeRight";
				INFOPLIST_KEY_UISupportedInterfaceOrientations_iPhone = "UIInterfaceOrientationPortrait UIInterfaceOrientationLandscapeLeft UIInterfaceOrientationLandscapeRight";
				LD_RUNPATH_SEARCH_PATHS = (
					"$(inherited)",
					"@executable_path/Frameworks",
				);
				MARKETING_VERSION = 1.0;
				PRODUCT_BUNDLE_IDENTIFIER = alexcho617.bpart;
				PRODUCT_NAME = "$(TARGET_NAME)";
				SWIFT_EMIT_LOC_STRINGS = YES;
				SWIFT_VERSION = 5.0;
				TARGETED_DEVICE_FAMILY = "1,2";
			};
			name = Release;
		};
		578C234A2983432C0052F518 /* Debug */ = {
			isa = XCBuildConfiguration;
			buildSettings = {
				ALWAYS_EMBED_SWIFT_STANDARD_LIBRARIES = YES;
				BUNDLE_LOADER = "$(TEST_HOST)";
				CODE_SIGN_STYLE = Automatic;
				CURRENT_PROJECT_VERSION = 1;
				DEVELOPMENT_TEAM = YTV3AHP8X4;
				GENERATE_INFOPLIST_FILE = YES;
				IPHONEOS_DEPLOYMENT_TARGET = 16.2;
				MARKETING_VERSION = 1.0;
				PRODUCT_BUNDLE_IDENTIFIER = alexcho617.bpartTests;
				PRODUCT_NAME = "$(TARGET_NAME)";
				SWIFT_EMIT_LOC_STRINGS = NO;
				SWIFT_VERSION = 5.0;
				TARGETED_DEVICE_FAMILY = "1,2";
				TEST_HOST = "$(BUILT_PRODUCTS_DIR)/bpart.app/$(BUNDLE_EXECUTABLE_FOLDER_PATH)/bpart";
			};
			name = Debug;
		};
		578C234B2983432C0052F518 /* Release */ = {
			isa = XCBuildConfiguration;
			buildSettings = {
				ALWAYS_EMBED_SWIFT_STANDARD_LIBRARIES = YES;
				BUNDLE_LOADER = "$(TEST_HOST)";
				CODE_SIGN_STYLE = Automatic;
				CURRENT_PROJECT_VERSION = 1;
				DEVELOPMENT_TEAM = YTV3AHP8X4;
				GENERATE_INFOPLIST_FILE = YES;
				IPHONEOS_DEPLOYMENT_TARGET = 16.2;
				MARKETING_VERSION = 1.0;
				PRODUCT_BUNDLE_IDENTIFIER = alexcho617.bpartTests;
				PRODUCT_NAME = "$(TARGET_NAME)";
				SWIFT_EMIT_LOC_STRINGS = NO;
				SWIFT_VERSION = 5.0;
				TARGETED_DEVICE_FAMILY = "1,2";
				TEST_HOST = "$(BUILT_PRODUCTS_DIR)/bpart.app/$(BUNDLE_EXECUTABLE_FOLDER_PATH)/bpart";
			};
			name = Release;
		};
		578C234D2983432C0052F518 /* Debug */ = {
			isa = XCBuildConfiguration;
			buildSettings = {
				ALWAYS_EMBED_SWIFT_STANDARD_LIBRARIES = YES;
				CODE_SIGN_STYLE = Automatic;
				CURRENT_PROJECT_VERSION = 1;
				DEVELOPMENT_TEAM = YTV3AHP8X4;
				GENERATE_INFOPLIST_FILE = YES;
				MARKETING_VERSION = 1.0;
				PRODUCT_BUNDLE_IDENTIFIER = alexcho617.bpartUITests;
				PRODUCT_NAME = "$(TARGET_NAME)";
				SWIFT_EMIT_LOC_STRINGS = NO;
				SWIFT_VERSION = 5.0;
				TARGETED_DEVICE_FAMILY = "1,2";
				TEST_TARGET_NAME = bpart;
			};
			name = Debug;
		};
		578C234E2983432C0052F518 /* Release */ = {
			isa = XCBuildConfiguration;
			buildSettings = {
				ALWAYS_EMBED_SWIFT_STANDARD_LIBRARIES = YES;
				CODE_SIGN_STYLE = Automatic;
				CURRENT_PROJECT_VERSION = 1;
				DEVELOPMENT_TEAM = YTV3AHP8X4;
				GENERATE_INFOPLIST_FILE = YES;
				MARKETING_VERSION = 1.0;
				PRODUCT_BUNDLE_IDENTIFIER = alexcho617.bpartUITests;
				PRODUCT_NAME = "$(TARGET_NAME)";
				SWIFT_EMIT_LOC_STRINGS = NO;
				SWIFT_VERSION = 5.0;
				TARGETED_DEVICE_FAMILY = "1,2";
				TEST_TARGET_NAME = bpart;
			};
			name = Release;
		};
/* End XCBuildConfiguration section */

/* Begin XCConfigurationList section */
		578C231D2983432A0052F518 /* Build configuration list for PBXProject "bpart" */ = {
			isa = XCConfigurationList;
			buildConfigurations = (
				578C23442983432C0052F518 /* Debug */,
				578C23452983432C0052F518 /* Release */,
			);
			defaultConfigurationIsVisible = 0;
			defaultConfigurationName = Release;
		};
		578C23462983432C0052F518 /* Build configuration list for PBXNativeTarget "bpart" */ = {
			isa = XCConfigurationList;
			buildConfigurations = (
				578C23472983432C0052F518 /* Debug */,
				578C23482983432C0052F518 /* Release */,
			);
			defaultConfigurationIsVisible = 0;
			defaultConfigurationName = Release;
		};
		578C23492983432C0052F518 /* Build configuration list for PBXNativeTarget "bpartTests" */ = {
			isa = XCConfigurationList;
			buildConfigurations = (
				578C234A2983432C0052F518 /* Debug */,
				578C234B2983432C0052F518 /* Release */,
			);
			defaultConfigurationIsVisible = 0;
			defaultConfigurationName = Release;
		};
		578C234C2983432C0052F518 /* Build configuration list for PBXNativeTarget "bpartUITests" */ = {
			isa = XCConfigurationList;
			buildConfigurations = (
				578C234D2983432C0052F518 /* Debug */,
				578C234E2983432C0052F518 /* Release */,
			);
			defaultConfigurationIsVisible = 0;
			defaultConfigurationName = Release;
		};
/* End XCConfigurationList section */

/* Begin XCRemoteSwiftPackageReference section */
		578C2351298343DE0052F518 /* XCRemoteSwiftPackageReference "firebase-ios-sdk" */ = {
			isa = XCRemoteSwiftPackageReference;
			repositoryURL = "https://github.com/firebase/firebase-ios-sdk.git";
			requirement = {
				branch = master;
				kind = branch;
			};
		};
/* End XCRemoteSwiftPackageReference section */

/* Begin XCSwiftPackageProductDependency section */
		578C2352298343DE0052F518 /* FirebaseAuth */ = {
			isa = XCSwiftPackageProductDependency;
			package = 578C2351298343DE0052F518 /* XCRemoteSwiftPackageReference "firebase-ios-sdk" */;
			productName = FirebaseAuth;
		};
		578C2354298343DE0052F518 /* FirebaseFirestore */ = {
			isa = XCSwiftPackageProductDependency;
			package = 578C2351298343DE0052F518 /* XCRemoteSwiftPackageReference "firebase-ios-sdk" */;
			productName = FirebaseFirestore;
		};
		578C2356298343DE0052F518 /* FirebaseFunctions */ = {
			isa = XCSwiftPackageProductDependency;
			package = 578C2351298343DE0052F518 /* XCRemoteSwiftPackageReference "firebase-ios-sdk" */;
			productName = FirebaseFunctions;
		};
		578C2358298343DE0052F518 /* FirebaseStorage */ = {
			isa = XCSwiftPackageProductDependency;
			package = 578C2351298343DE0052F518 /* XCRemoteSwiftPackageReference "firebase-ios-sdk" */;
			productName = FirebaseStorage;
		};
/* End XCSwiftPackageProductDependency section */
	};
	rootObject = 578C231A2983432A0052F518 /* Project object */;
}
